// !$*UTF8*$!
{
	archiveVersion = 1;
	classes = {
	};
	objectVersion = 56;
	objects = {

/* Begin PBXBuildFile section */
		EEAC3E902BAF229D0005C851 /* AppDelegate.swift in Sources */ = {isa = PBXBuildFile; fileRef = EEAC3E8F2BAF229D0005C851 /* AppDelegate.swift */; };
		EEAC3E9A2BAF229D0005C851 /* Dmeal.xcdatamodeld in Sources */ = {isa = PBXBuildFile; fileRef = EEAC3E982BAF229D0005C851 /* Dmeal.xcdatamodeld */; };
		EEAC3E9C2BAF229F0005C851 /* Assets.xcassets in Resources */ = {isa = PBXBuildFile; fileRef = EEAC3E9B2BAF229F0005C851 /* Assets.xcassets */; };
		EEAC3E9F2BAF229F0005C851 /* Base in Resources */ = {isa = PBXBuildFile; fileRef = EEAC3E9E2BAF229F0005C851 /* Base */; };
		EEAC3EAB2BAF22E00005C851 /* WelcomeCV.swift in Sources */ = {isa = PBXBuildFile; fileRef = EEAC3EAA2BAF22E00005C851 /* WelcomeCV.swift */; };
		EEAC3EAD2BAF22F30005C851 /* LoginInVC.swift in Sources */ = {isa = PBXBuildFile; fileRef = EEAC3EAC2BAF22F30005C851 /* LoginInVC.swift */; };
		EEAC3EAF2BAF23030005C851 /* SingUpVC.swift in Sources */ = {isa = PBXBuildFile; fileRef = EEAC3EAE2BAF23030005C851 /* SingUpVC.swift */; };
		EEAC3EB12BAF232E0005C851 /* TabBar.swift in Sources */ = {isa = PBXBuildFile; fileRef = EEAC3EB02BAF232E0005C851 /* TabBar.swift */; };
		EEAC3EB32BAF23420005C851 /* HomeVC.swift in Sources */ = {isa = PBXBuildFile; fileRef = EEAC3EB22BAF23420005C851 /* HomeVC.swift */; };
		EEAC3EB52BAF24330005C851 /* MyCheefVC.swift in Sources */ = {isa = PBXBuildFile; fileRef = EEAC3EB42BAF24330005C851 /* MyCheefVC.swift */; };
		EEAC3EB72BAF24720005C851 /* ProfilVC.swift in Sources */ = {isa = PBXBuildFile; fileRef = EEAC3EB62BAF24720005C851 /* ProfilVC.swift */; };
		EEAC3EB92BAF2ACF0005C851 /* WelcomeView.swift in Sources */ = {isa = PBXBuildFile; fileRef = EEAC3EB82BAF2ACF0005C851 /* WelcomeView.swift */; };
/* End PBXBuildFile section */

/* Begin PBXFileReference section */
		EEAC3E8C2BAF229D0005C851 /* Dmeal.app */ = {isa = PBXFileReference; explicitFileType = wrapper.application; includeInIndex = 0; path = Dmeal.app; sourceTree = BUILT_PRODUCTS_DIR; };
		EEAC3E8F2BAF229D0005C851 /* AppDelegate.swift */ = {isa = PBXFileReference; lastKnownFileType = sourcecode.swift; path = AppDelegate.swift; sourceTree = "<group>"; };
		EEAC3E992BAF229D0005C851 /* Dmeal.xcdatamodel */ = {isa = PBXFileReference; lastKnownFileType = wrapper.xcdatamodel; path = Dmeal.xcdatamodel; sourceTree = "<group>"; };
		EEAC3E9B2BAF229F0005C851 /* Assets.xcassets */ = {isa = PBXFileReference; lastKnownFileType = folder.assetcatalog; path = Assets.xcassets; sourceTree = "<group>"; };
		EEAC3E9E2BAF229F0005C851 /* Base */ = {isa = PBXFileReference; lastKnownFileType = file.storyboard; name = Base; path = Base.lproj/LaunchScreen.storyboard; sourceTree = "<group>"; };
		EEAC3EA02BAF229F0005C851 /* Info.plist */ = {isa = PBXFileReference; lastKnownFileType = text.plist.xml; path = Info.plist; sourceTree = "<group>"; };
		EEAC3EAA2BAF22E00005C851 /* WelcomeCV.swift */ = {isa = PBXFileReference; lastKnownFileType = sourcecode.swift; path = WelcomeCV.swift; sourceTree = "<group>"; };
		EEAC3EAC2BAF22F30005C851 /* LoginInVC.swift */ = {isa = PBXFileReference; lastKnownFileType = sourcecode.swift; path = LoginInVC.swift; sourceTree = "<group>"; };
		EEAC3EAE2BAF23030005C851 /* SingUpVC.swift */ = {isa = PBXFileReference; lastKnownFileType = sourcecode.swift; path = SingUpVC.swift; sourceTree = "<group>"; };
		EEAC3EB02BAF232E0005C851 /* TabBar.swift */ = {isa = PBXFileReference; lastKnownFileType = sourcecode.swift; path = TabBar.swift; sourceTree = "<group>"; };
		EEAC3EB22BAF23420005C851 /* HomeVC.swift */ = {isa = PBXFileReference; lastKnownFileType = sourcecode.swift; path = HomeVC.swift; sourceTree = "<group>"; };
		EEAC3EB42BAF24330005C851 /* MyCheefVC.swift */ = {isa = PBXFileReference; lastKnownFileType = sourcecode.swift; path = MyCheefVC.swift; sourceTree = "<group>"; };
		EEAC3EB62BAF24720005C851 /* ProfilVC.swift */ = {isa = PBXFileReference; lastKnownFileType = sourcecode.swift; path = ProfilVC.swift; sourceTree = "<group>"; };
		EEAC3EB82BAF2ACF0005C851 /* WelcomeView.swift */ = {isa = PBXFileReference; lastKnownFileType = sourcecode.swift; path = WelcomeView.swift; sourceTree = "<group>"; };
/* End PBXFileReference section */

/* Begin PBXFrameworksBuildPhase section */
		EEAC3E892BAF229D0005C851 /* Frameworks */ = {
			isa = PBXFrameworksBuildPhase;
			buildActionMask = 2147483647;
			files = (
			);
			runOnlyForDeploymentPostprocessing = 0;
		};
/* End PBXFrameworksBuildPhase section */

/* Begin PBXGroup section */
		EEAC3E832BAF229D0005C851 = {
			isa = PBXGroup;
			children = (
				EEAC3E8E2BAF229D0005C851 /* Dmeal */,
				EEAC3E8D2BAF229D0005C851 /* Products */,
			);
			sourceTree = "<group>";
		};
		EEAC3E8D2BAF229D0005C851 /* Products */ = {
			isa = PBXGroup;
			children = (
				EEAC3E8C2BAF229D0005C851 /* Dmeal.app */,
			);
			name = Products;
			sourceTree = "<group>";
		};
		EEAC3E8E2BAF229D0005C851 /* Dmeal */ = {
			isa = PBXGroup;
			children = (
				EEAC3E8F2BAF229D0005C851 /* AppDelegate.swift */,
				EEAC3EAA2BAF22E00005C851 /* WelcomeCV.swift */,
				EEAC3EB82BAF2ACF0005C851 /* WelcomeView.swift */,
				EEAC3EAC2BAF22F30005C851 /* LoginInVC.swift */,
				EEAC3EAE2BAF23030005C851 /* SingUpVC.swift */,
				EEAC3EB02BAF232E0005C851 /* TabBar.swift */,
				EEAC3EB22BAF23420005C851 /* HomeVC.swift */,
				EEAC3EB42BAF24330005C851 /* MyCheefVC.swift */,
				EEAC3EB62BAF24720005C851 /* ProfilVC.swift */,
				EEAC3E9B2BAF229F0005C851 /* Assets.xcassets */,
				EEAC3E9D2BAF229F0005C851 /* LaunchScreen.storyboard */,
				EEAC3EA02BAF229F0005C851 /* Info.plist */,
				EEAC3E982BAF229D0005C851 /* Dmeal.xcdatamodeld */,
			);
			path = Dmeal;
			sourceTree = "<group>";
		};
/* End PBXGroup section */

/* Begin PBXNativeTarget section */
		EEAC3E8B2BAF229D0005C851 /* Dmeal */ = {
			isa = PBXNativeTarget;
			buildConfigurationList = EEAC3EA32BAF229F0005C851 /* Build configuration list for PBXNativeTarget "Dmeal" */;
			buildPhases = (
				EEAC3E882BAF229D0005C851 /* Sources */,
				EEAC3E892BAF229D0005C851 /* Frameworks */,
				EEAC3E8A2BAF229D0005C851 /* Resources */,
			);
			buildRules = (
			);
			dependencies = (
			);
			name = Dmeal;
			productName = Dmeal;
			productReference = EEAC3E8C2BAF229D0005C851 /* Dmeal.app */;
			productType = "com.apple.product-type.application";
		};
/* End PBXNativeTarget section */

/* Begin PBXProject section */
		EEAC3E842BAF229D0005C851 /* Project object */ = {
			isa = PBXProject;
			attributes = {
				BuildIndependentTargetsInParallel = 1;
				LastSwiftUpdateCheck = 1530;
				LastUpgradeCheck = 1530;
				TargetAttributes = {
					EEAC3E8B2BAF229D0005C851 = {
						CreatedOnToolsVersion = 15.3;
					};
				};
			};
			buildConfigurationList = EEAC3E872BAF229D0005C851 /* Build configuration list for PBXProject "Dmeal" */;
			compatibilityVersion = "Xcode 14.0";
			developmentRegion = en;
			hasScannedForEncodings = 0;
			knownRegions = (
				en,
				Base,
			);
			mainGroup = EEAC3E832BAF229D0005C851;
			productRefGroup = EEAC3E8D2BAF229D0005C851 /* Products */;
			projectDirPath = "";
			projectRoot = "";
			targets = (
				EEAC3E8B2BAF229D0005C851 /* Dmeal */,
			);
		};
/* End PBXProject section */

/* Begin PBXResourcesBuildPhase section */
		EEAC3E8A2BAF229D0005C851 /* Resources */ = {
			isa = PBXResourcesBuildPhase;
			buildActionMask = 2147483647;
			files = (
				EEAC3E9C2BAF229F0005C851 /* Assets.xcassets in Resources */,
				EEAC3E9F2BAF229F0005C851 /* Base in Resources */,
			);
			runOnlyForDeploymentPostprocessing = 0;
		};
/* End PBXResourcesBuildPhase section */

/* Begin PBXSourcesBuildPhase section */
		EEAC3E882BAF229D0005C851 /* Sources */ = {
			isa = PBXSourcesBuildPhase;
			buildActionMask = 2147483647;
			files = (
				EEAC3E9A2BAF229D0005C851 /* Dmeal.xcdatamodeld in Sources */,
				EEAC3EB72BAF24720005C851 /* ProfilVC.swift in Sources */,
				EEAC3EB32BAF23420005C851 /* HomeVC.swift in Sources */,
				EEAC3E902BAF229D0005C851 /* AppDelegate.swift in Sources */,
				EEAC3EAF2BAF23030005C851 /* SingUpVC.swift in Sources */,
				EEAC3EB92BAF2ACF0005C851 /* WelcomeView.swift in Sources */,
				EEAC3EB52BAF24330005C851 /* MyCheefVC.swift in Sources */,
				EEAC3EB12BAF232E0005C851 /* TabBar.swift in Sources */,
				EEAC3EAB2BAF22E00005C851 /* WelcomeCV.swift in Sources */,
				EEAC3EAD2BAF22F30005C851 /* LoginInVC.swift in Sources */,
			);
			runOnlyForDeploymentPostprocessing = 0;
		};
/* End PBXSourcesBuildPhase section */

/* Begin PBXVariantGroup section */
		EEAC3E9D2BAF229F0005C851 /* LaunchScreen.storyboard */ = {
			isa = PBXVariantGroup;
			children = (
				EEAC3E9E2BAF229F0005C851 /* Base */,
			);
			name = LaunchScreen.storyboard;
			sourceTree = "<group>";
		};
/* End PBXVariantGroup section */

/* Begin XCBuildConfiguration section */
		EEAC3EA12BAF229F0005C851 /* Debug */ = {
			isa = XCBuildConfiguration;
			buildSettings = {
				ALWAYS_SEARCH_USER_PATHS = NO;
				ASSETCATALOG_COMPILER_GENERATE_SWIFT_ASSET_SYMBOL_EXTENSIONS = YES;
				CLANG_ANALYZER_NONNULL = YES;
				CLANG_ANALYZER_NUMBER_OBJECT_CONVERSION = YES_AGGRESSIVE;
				CLANG_CXX_LANGUAGE_STANDARD = "gnu++20";
				CLANG_ENABLE_MODULES = YES;
				CLANG_ENABLE_OBJC_ARC = YES;
				CLANG_ENABLE_OBJC_WEAK = YES;
				CLANG_WARN_BLOCK_CAPTURE_AUTORELEASING = YES;
				CLANG_WARN_BOOL_CONVERSION = YES;
				CLANG_WARN_COMMA = YES;
				CLANG_WARN_CONSTANT_CONVERSION = YES;
				CLANG_WARN_DEPRECATED_OBJC_IMPLEMENTATIONS = YES;
				CLANG_WARN_DIRECT_OBJC_ISA_USAGE = YES_ERROR;
				CLANG_WARN_DOCUMENTATION_COMMENTS = YES;
				CLANG_WARN_EMPTY_BODY = YES;
				CLANG_WARN_ENUM_CONVERSION = YES;
				CLANG_WARN_INFINITE_RECURSION = YES;
				CLANG_WARN_INT_CONVERSION = YES;
				CLANG_WARN_NON_LITERAL_NULL_CONVERSION = YES;
				CLANG_WARN_OBJC_IMPLICIT_RETAIN_SELF = YES;
				CLANG_WARN_OBJC_LITERAL_CONVERSION = YES;
				CLANG_WARN_OBJC_ROOT_CLASS = YES_ERROR;
				CLANG_WARN_QUOTED_INCLUDE_IN_FRAMEWORK_HEADER = YES;
				CLANG_WARN_RANGE_LOOP_ANALYSIS = YES;
				CLANG_WARN_STRICT_PROTOTYPES = YES;
				CLANG_WARN_SUSPICIOUS_MOVE = YES;
				CLANG_WARN_UNGUARDED_AVAILABILITY = YES_AGGRESSIVE;
				CLANG_WARN_UNREACHABLE_CODE = YES;
				CLANG_WARN__DUPLICATE_METHOD_MATCH = YES;
				COPY_PHASE_STRIP = NO;
				DEBUG_INFORMATION_FORMAT = dwarf;
				ENABLE_STRICT_OBJC_MSGSEND = YES;
				ENABLE_TESTABILITY = YES;
				ENABLE_USER_SCRIPT_SANDBOXING = YES;
				GCC_C_LANGUAGE_STANDARD = gnu17;
				GCC_DYNAMIC_NO_PIC = NO;
				GCC_NO_COMMON_BLOCKS = YES;
				GCC_OPTIMIZATION_LEVEL = 0;
				GCC_PREPROCESSOR_DEFINITIONS = (
					"DEBUG=1",
					"$(inherited)",
				);
				GCC_WARN_64_TO_32_BIT_CONVERSION = YES;
				GCC_WARN_ABOUT_RETURN_TYPE = YES_ERROR;
				GCC_WARN_UNDECLARED_SELECTOR = YES;
				GCC_WARN_UNINITIALIZED_AUTOS = YES_AGGRESSIVE;
				GCC_WARN_UNUSED_FUNCTION = YES;
				GCC_WARN_UNUSED_VARIABLE = YES;
				IPHONEOS_DEPLOYMENT_TARGET = 17.4;
				LOCALIZATION_PREFERS_STRING_CATALOGS = YES;
				MTL_ENABLE_DEBUG_INFO = INCLUDE_SOURCE;
				MTL_FAST_MATH = YES;
				ONLY_ACTIVE_ARCH = YES;
				SDKROOT = iphoneos;
				SWIFT_ACTIVE_COMPILATION_CONDITIONS = "DEBUG $(inherited)";
				SWIFT_OPTIMIZATION_LEVEL = "-Onone";
			};
			name = Debug;
		};
		EEAC3EA22BAF229F0005C851 /* Release */ = {
			isa = XCBuildConfiguration;
			buildSettings = {
				ALWAYS_SEARCH_USER_PATHS = NO;
				ASSETCATALOG_COMPILER_GENERATE_SWIFT_ASSET_SYMBOL_EXTENSIONS = YES;
				CLANG_ANALYZER_NONNULL = YES;
				CLANG_ANALYZER_NUMBER_OBJECT_CONVERSION = YES_AGGRESSIVE;
				CLANG_CXX_LANGUAGE_STANDARD = "gnu++20";
				CLANG_ENABLE_MODULES = YES;
				CLANG_ENABLE_OBJC_ARC = YES;
				CLANG_ENABLE_OBJC_WEAK = YES;
				CLANG_WARN_BLOCK_CAPTURE_AUTORELEASING = YES;
				CLANG_WARN_BOOL_CONVERSION = YES;
				CLANG_WARN_COMMA = YES;
				CLANG_WARN_CONSTANT_CONVERSION = YES;
				CLANG_WARN_DEPRECATED_OBJC_IMPLEMENTATIONS = YES;
				CLANG_WARN_DIRECT_OBJC_ISA_USAGE = YES_ERROR;
				CLANG_WARN_DOCUMENTATION_COMMENTS = YES;
				CLANG_WARN_EMPTY_BODY = YES;
				CLANG_WARN_ENUM_CONVERSION = YES;
				CLANG_WARN_INFINITE_RECURSION = YES;
				CLANG_WARN_INT_CONVERSION = YES;
				CLANG_WARN_NON_LITERAL_NULL_CONVERSION = YES;
				CLANG_WARN_OBJC_IMPLICIT_RETAIN_SELF = YES;
				CLANG_WARN_OBJC_LITERAL_CONVERSION = YES;
				CLANG_WARN_OBJC_ROOT_CLASS = YES_ERROR;
				CLANG_WARN_QUOTED_INCLUDE_IN_FRAMEWORK_HEADER = YES;
				CLANG_WARN_RANGE_LOOP_ANALYSIS = YES;
				CLANG_WARN_STRICT_PROTOTYPES = YES;
				CLANG_WARN_SUSPICIOUS_MOVE = YES;
				CLANG_WARN_UNGUARDED_AVAILABILITY = YES_AGGRESSIVE;
				CLANG_WARN_UNREACHABLE_CODE = YES;
				CLANG_WARN__DUPLICATE_METHOD_MATCH = YES;
				COPY_PHASE_STRIP = NO;
				DEBUG_INFORMATION_FORMAT = "dwarf-with-dsym";
				ENABLE_NS_ASSERTIONS = NO;
				ENABLE_STRICT_OBJC_MSGSEND = YES;
				ENABLE_USER_SCRIPT_SANDBOXING = YES;
				GCC_C_LANGUAGE_STANDARD = gnu17;
				GCC_NO_COMMON_BLOCKS = YES;
				GCC_WARN_64_TO_32_BIT_CONVERSION = YES;
				GCC_WARN_ABOUT_RETURN_TYPE = YES_ERROR;
				GCC_WARN_UNDECLARED_SELECTOR = YES;
				GCC_WARN_UNINITIALIZED_AUTOS = YES_AGGRESSIVE;
				GCC_WARN_UNUSED_FUNCTION = YES;
				GCC_WARN_UNUSED_VARIABLE = YES;
				IPHONEOS_DEPLOYMENT_TARGET = 17.4;
				LOCALIZATION_PREFERS_STRING_CATALOGS = YES;
				MTL_ENABLE_DEBUG_INFO = NO;
				MTL_FAST_MATH = YES;
				SDKROOT = iphoneos;
				SWIFT_COMPILATION_MODE = wholemodule;
				VALIDATE_PRODUCT = YES;
			};
			name = Release;
		};
		EEAC3EA42BAF229F0005C851 /* Debug */ = {
			isa = XCBuildConfiguration;
			buildSettings = {
				ASSETCATALOG_COMPILER_APPICON_NAME = AppIcon;
				ASSETCATALOG_COMPILER_GLOBAL_ACCENT_COLOR_NAME = AccentColor;
				CODE_SIGN_STYLE = Automatic;
				CURRENT_PROJECT_VERSION = 1;
				DEVELOPMENT_TEAM = CWJG98258B;
				GENERATE_INFOPLIST_FILE = YES;
				INFOPLIST_FILE = Dmeal/Info.plist;
				INFOPLIST_KEY_UIApplicationSupportsIndirectInputEvents = YES;
				INFOPLIST_KEY_UILaunchStoryboardName = LaunchScreen;
				INFOPLIST_KEY_UIMainStoryboardFile = "";
				INFOPLIST_KEY_UISupportedInterfaceOrientations_iPad = "UIInterfaceOrientationPortrait UIInterfaceOrientationPortraitUpsideDown UIInterfaceOrientationLandscapeLeft UIInterfaceOrientationLandscapeRight";
				INFOPLIST_KEY_UISupportedInterfaceOrientations_iPhone = "UIInterfaceOrientationPortrait UIInterfaceOrientationLandscapeLeft UIInterfaceOrientationLandscapeRight";
				LD_RUNPATH_SEARCH_PATHS = (
					"$(inherited)",
					"@executable_path/Frameworks",
				);
				MARKETING_VERSION = 1.0;
				PRODUCT_BUNDLE_IDENTIFIER = iDevFan.Dmeal;
				PRODUCT_NAME = "$(TARGET_NAME)";
				SWIFT_EMIT_LOC_STRINGS = YES;
				SWIFT_VERSION = 5.0;
				TARGETED_DEVICE_FAMILY = "1,2";
			};
			name = Debug;
		};
		EEAC3EA52BAF229F0005C851 /* Release */ = {
			isa = XCBuildConfiguration;
			buildSettings = {
				ASSETCATALOG_COMPILER_APPICON_NAME = AppIcon;
				ASSETCATALOG_COMPILER_GLOBAL_ACCENT_COLOR_NAME = AccentColor;
				CODE_SIGN_STYLE = Automatic;
				CURRENT_PROJECT_VERSION = 1;
				DEVELOPMENT_TEAM = CWJG98258B;
				GENERATE_INFOPLIST_FILE = YES;
				INFOPLIST_FILE = Dmeal/Info.plist;
				INFOPLIST_KEY_UIApplicationSupportsIndirectInputEvents = YES;
				INFOPLIST_KEY_UILaunchStoryboardName = LaunchScreen;
				INFOPLIST_KEY_UIMainStoryboardFile = "";
				INFOPLIST_KEY_UISupportedInterfaceOrientations_iPad = "UIInterfaceOrientationPortrait UIInterfaceOrientationPortraitUpsideDown UIInterfaceOrientationLandscapeLeft UIInterfaceOrientationLandscapeRight";
				INFOPLIST_KEY_UISupportedInterfaceOrientations_iPhone = "UIInterfaceOrientationPortrait UIInterfaceOrientationLandscapeLeft UIInterfaceOrientationLandscapeRight";
				LD_RUNPATH_SEARCH_PATHS = (
					"$(inherited)",
					"@executable_path/Frameworks",
				);
				MARKETING_VERSION = 1.0;
				PRODUCT_BUNDLE_IDENTIFIER = iDevFan.Dmeal;
				PRODUCT_NAME = "$(TARGET_NAME)";
				SWIFT_EMIT_LOC_STRINGS = YES;
				SWIFT_VERSION = 5.0;
				TARGETED_DEVICE_FAMILY = "1,2";
			};
			name = Release;
		};
/* End XCBuildConfiguration section */

/* Begin XCConfigurationList section */
		EEAC3E872BAF229D0005C851 /* Build configuration list for PBXProject "Dmeal" */ = {
			isa = XCConfigurationList;
			buildConfigurations = (
				EEAC3EA12BAF229F0005C851 /* Debug */,
				EEAC3EA22BAF229F0005C851 /* Release */,
			);
			defaultConfigurationIsVisible = 0;
			defaultConfigurationName = Release;
		};
		EEAC3EA32BAF229F0005C851 /* Build configuration list for PBXNativeTarget "Dmeal" */ = {
			isa = XCConfigurationList;
			buildConfigurations = (
				EEAC3EA42BAF229F0005C851 /* Debug */,
				EEAC3EA52BAF229F0005C851 /* Release */,
			);
			defaultConfigurationIsVisible = 0;
			defaultConfigurationName = Release;
		};
/* End XCConfigurationList section */

/* Begin XCVersionGroup section */
		EEAC3E982BAF229D0005C851 /* Dmeal.xcdatamodeld */ = {
			isa = XCVersionGroup;
			children = (
				EEAC3E992BAF229D0005C851 /* Dmeal.xcdatamodel */,
			);
			currentVersion = EEAC3E992BAF229D0005C851 /* Dmeal.xcdatamodel */;
			path = Dmeal.xcdatamodeld;
			sourceTree = "<group>";
			versionGroupType = wrapper.xcdatamodel;
		};
/* End XCVersionGroup section */
	};
	rootObject = EEAC3E842BAF229D0005C851 /* Project object */;
}
